{
  "pins" : [
    {
      "identity" : "nfcpassportreader",
      "kind" : "remoteSourceControl",
      "location" : "https://github.com/AndyQ/NFCPassportReader.git",
      "state" : {
        "revision" : "6e37f1ab249fef82771da46d32707f2b94ed090f"
      }
    },
    {
      "identity" : "openssl-package",
      "kind" : "remoteSourceControl",
      "location" : "https://github.com/krzyzanowskim/OpenSSL-Package.git",
      "state" : {
        "revision" : "a3809db22a45e3ff658377a24da252982a306b9b",
        "version" : "3.6.3000"
      }
    }
  ],
  "version" : 2
}
